
Microsoft Visual Studio Solution File, Format Version 12.00
# Visual Studio Version 16
VisualStudioVersion = 16.0.30011.22
MinimumVisualStudioVersion = 10.0.40219.1
Project("{FAE04EC0-301F-11D3-BF4B-00C04F79EFBC}") = "WinForms - SimpleCalculator", "WinForms - SimpleCalculator/WinForms - SimpleCalculator.csproj", "{36E2DA91-2782-45B6-ABB9-1379D306F23E}"
EndProject
Global
	GlobalSection(SolutionConfigurationPlatforms) = preSolution
		Debug|Any CPU = Debug|Any CPU
		Release|Any CPU = Release|Any CPU
	EndGlobalSection
	GlobalSection(ProjectConfigurationPlatforms) = postSolution
		{36E2DA91-2782-45B6-ABB9-1379D306F23E}.Debug|Any CPU.ActiveCfg = Debug|Any CPU
		{36E2DA91-2782-45B6-ABB9-1379D306F23E}.Debug|Any CPU.Build.0 = Debug|Any CPU
		{36E2DA91-2782-45B6-ABB9-1379D306F23E}.Release|Any CPU.ActiveCfg = Release|Any CPU
		{36E2DA91-2782-45B6-ABB9-1379D306F23E}.Release|Any CPU.Build.0 = Release|Any CPU
	EndGlobalSection
	GlobalSection(SolutionProperties) = preSolution
		HideSolutionNode = FALSE
	EndGlobalSection
	GlobalSection(ExtensibilityGlobals) = postSolution
		SolutionGuid = {20165E22-7CC8-44D7-82C8-B104536675B1}
	EndGlobalSection
EndGlobal
